
Microsoft Visual Studio Solution File, Format Version 12.00
# Visual Studio Version 17
VisualStudioVersion = 17.5.002.0
MinimumVisualStudioVersion = 10.0.40219.1
Project("{9A19103F-16F7-4668-BE54-9A1E7A4F7556}") = "Ola-mundo", "Ola-mundo.csproj", "{62AB2A0C-CA46-47CC-B610-F459C6C82218}"
EndProject
Global
	GlobalSection(SolutionConfigurationPlatforms) = preSolution
		Debug|Any CPU = Debug|Any CPU
		Release|Any CPU = Release|Any CPU
	EndGlobalSection
	GlobalSection(ProjectConfigurationPlatforms) = postSolution
		{62AB2A0C-CA46-47CC-B610-F459C6C82218}.Debug|Any CPU.ActiveCfg = Debug|Any CPU
		{62AB2A0C-CA46-47CC-B610-F459C6C82218}.Debug|Any CPU.Build.0 = Debug|Any CPU
		{62AB2A0C-CA46-47CC-B610-F459C6C82218}.Release|Any CPU.ActiveCfg = Release|Any CPU
		{62AB2A0C-CA46-47CC-B610-F459C6C82218}.Release|Any CPU.Build.0 = Release|Any CPU
	EndGlobalSection
	GlobalSection(SolutionProperties) = preSolution
		HideSolutionNode = FALSE
	EndGlobalSection
	GlobalSection(ExtensibilityGlobals) = postSolution
		SolutionGuid = {E7209E46-B0F2-42BE-90AC-E338CA346005}
	EndGlobalSection
EndGlobal
